<Solution>
  <Folder Name="/src/">
    <Project Path="src/MajdsApp.Api/MajdsApp.Api.csproj" />
    <Project Path="src/MajdsApp.Core/MajdsApp.Core.csproj" />
    <Project Path="src/MajdsApp.Modules.Account/MajdsApp.Modules.Account.csproj" />
    <Project Path="src/MajdsApp.Modules.Audit/MajdsApp.Modules.Audit.csproj" />
    <Project Path="src/MajdsApp.Modules.Authorization/MajdsApp.Modules.Authorization.csproj" />
    <Project Path="src/MajdsApp.Modules.Diagnostics/MajdsApp.Modules.Diagnostics.csproj" />
    <Project Path="src/MajdsApp.Modules.ExternalLogin/MajdsApp.Modules.ExternalLogin.csproj" />
    <Project Path="src/MajdsApp.Modules.Features/MajdsApp.Modules.Features.csproj" />
    <Project Path="src/MajdsApp.Modules.Files/MajdsApp.Modules.Files.csproj" />
    <Project Path="src/MajdsApp.Modules.Health/MajdsApp.Modules.Health.csproj" />
    <Project Path="src/MajdsApp.Modules.Jobs/MajdsApp.Modules.Jobs.csproj" />
    <Project Path="src/MajdsApp.Modules.Notifications/MajdsApp.Modules.Notifications.csproj" />
    <Project Path="src/MajdsApp.Modules.Plugins/MajdsApp.Modules.Plugins.csproj" />
    <Project Path="src/MajdsApp.Modules.Dashboard/MajdsApp.Modules.Dashboard.csproj" />
    <Project Path="src/MajdsApp.Modules.Exports/MajdsApp.Modules.Exports.csproj" />
    <Project Path="src/MajdsApp.Modules.Localization/MajdsApp.Modules.Localization.csproj" />
    <Project Path="src/MajdsApp.Modules.ApiDocs/MajdsApp.Modules.ApiDocs.csproj" />
    <Project Path="src/MajdsApp.Modules.Roles/MajdsApp.Modules.Roles.csproj" />
    <Project Path="src/MajdsApp.Modules.Search/MajdsApp.Modules.Search.csproj" />
    <Project Path="src/MajdsApp.Modules.Settings/MajdsApp.Modules.Settings.csproj" />
    <Project Path="src/MajdsApp.Modules.Users/MajdsApp.Modules.Users.csproj" />
    <Project Path="src/MajdsApp.Plugins.Tasks/MajdsApp.Plugins.Tasks.csproj" />
    <Project Path="src/MajdsApp.SharedKernel/MajdsApp.SharedKernel.csproj" />
    <Project Path="src/MajdsApp.Tests/MajdsApp.Tests.csproj" />
    <Project Path="src/MajdsApp.Tests.Plugins/MajdsApp.Tests.Plugins.csproj" />
    <Project Path="src/MajdsApp/MajdsApp.csproj" />
  </Folder>
</Solution>
